
Microsoft Visual Studio Solution File, Format Version 12.00
# Visual Studio Version 16
VisualStudioVersion = 16.0.32106.194
MinimumVisualStudioVersion = 10.0.40219.1
Project("{F184B08F-C81C-45F6-A57F-5ABD9991F28F}") = "Escolar", "Escolar\Escolar.vbproj", "{9094F25F-0AB4-46B1-9BCF-380D8115A0D8}"
EndProject
Global
	GlobalSection(SolutionConfigurationPlatforms) = preSolution
		Debug|Any CPU = Debug|Any CPU
		Debug|x64 = Debug|x64
		Debug|x86 = Debug|x86
		Release|Any CPU = Release|Any CPU
		Release|x64 = Release|x64
		Release|x86 = Release|x86
	EndGlobalSection
	GlobalSection(ProjectConfigurationPlatforms) = postSolution
		{9094F25F-0AB4-46B1-9BCF-380D8115A0D8}.Debug|Any CPU.ActiveCfg = Debug|Any CPU
		{9094F25F-0AB4-46B1-9BCF-380D8115A0D8}.Debug|Any CPU.Build.0 = Debug|Any CPU
		{9094F25F-0AB4-46B1-9BCF-380D8115A0D8}.Debug|x64.ActiveCfg = Debug|x64
		{9094F25F-0AB4-46B1-9BCF-380D8115A0D8}.Debug|x64.Build.0 = Debug|x64
		{9094F25F-0AB4-46B1-9BCF-380D8115A0D8}.Debug|x86.ActiveCfg = Debug|x86
		{9094F25F-0AB4-46B1-9BCF-380D8115A0D8}.Debug|x86.Build.0 = Debug|x86
		{9094F25F-0AB4-46B1-9BCF-380D8115A0D8}.Release|Any CPU.ActiveCfg = Release|Any CPU
		{9094F25F-0AB4-46B1-9BCF-380D8115A0D8}.Release|Any CPU.Build.0 = Release|Any CPU
		{9094F25F-0AB4-46B1-9BCF-380D8115A0D8}.Release|x64.ActiveCfg = Release|x64
		{9094F25F-0AB4-46B1-9BCF-380D8115A0D8}.Release|x64.Build.0 = Release|x64
		{9094F25F-0AB4-46B1-9BCF-380D8115A0D8}.Release|x86.ActiveCfg = Release|x86
		{9094F25F-0AB4-46B1-9BCF-380D8115A0D8}.Release|x86.Build.0 = Release|x86
	EndGlobalSection
	GlobalSection(SolutionProperties) = preSolution
		HideSolutionNode = FALSE
	EndGlobalSection
	GlobalSection(ExtensibilityGlobals) = postSolution
		SolutionGuid = {DB4C97B9-0B0B-496A-85CA-AF6156D4F0B1}
	EndGlobalSection
EndGlobal
